Microsoft Visual Studio Solution File, Format Version 12.00
# Visual Studio Version 17
VisualStudioVersion = 17.5.2.0
MinimumVisualStudioVersion = 10.0.40219.1
Project("{FAE04EC0-301F-11D3-BF4B-00C04F79EFBC}") = "mosta", "mosta.csproj", "{53F62A99-3841-06E4-2987-D2521A3EEE79}"
EndProject
Global
	GlobalSection(SolutionConfigurationPlatforms) = preSolution
		Debug|Any CPU = Debug|Any CPU
		Release|Any CPU = Release|Any CPU
	EndGlobalSection
	GlobalSection(ProjectConfigurationPlatforms) = postSolution
		{53F62A99-3841-06E4-2987-D2521A3EEE79}.Debug|Any CPU.ActiveCfg = Debug|Any CPU
		{53F62A99-3841-06E4-2987-D2521A3EEE79}.Debug|Any CPU.Build.0 = Debug|Any CPU
		{53F62A99-3841-06E4-2987-D2521A3EEE79}.Release|Any CPU.ActiveCfg = Release|Any CPU
		{53F62A99-3841-06E4-2987-D2521A3EEE79}.Release|Any CPU.Build.0 = Release|Any CPU
	EndGlobalSection
	GlobalSection(SolutionProperties) = preSolution
		HideSolutionNode = FALSE
	EndGlobalSection
	GlobalSection(ExtensibilityGlobals) = postSolution
		SolutionGuid = {ED3AA757-485E-48A9-8EA6-A6B978EB9094}
	EndGlobalSection
EndGlobal
